
Microsoft Visual Studio Solution File, Format Version 12.00
# Visual Studio Version 16
VisualStudioVersion = 16.0.33801.447
MinimumVisualStudioVersion = 10.0.40219.1
Project("{8BC9CEB8-8B4A-11D0-8D11-00A0C91BC942}") = "QT-Triangle", "QT-Triangle.vcxproj", "{36521C64-96A0-4012-84C3-224DADAB25AC}"
EndProject
Global
	GlobalSection(SolutionConfigurationPlatforms) = preSolution
		Debug|x64 = Debug|x64
		Release|x64 = Release|x64
	EndGlobalSection
	GlobalSection(ProjectConfigurationPlatforms) = postSolution
		{36521C64-96A0-4012-84C3-224DADAB25AC}.Debug|x64.ActiveCfg = Debug|x64
		{36521C64-96A0-4012-84C3-224DADAB25AC}.Debug|x64.Build.0 = Debug|x64
		{36521C64-96A0-4012-84C3-224DADAB25AC}.Release|x64.ActiveCfg = Release|x64
		{36521C64-96A0-4012-84C3-224DADAB25AC}.Release|x64.Build.0 = Release|x64
	EndGlobalSection
	GlobalSection(SolutionProperties) = preSolution
		HideSolutionNode = FALSE
	EndGlobalSection
	GlobalSection(ExtensibilityGlobals) = postSolution
		SolutionGuid = {CEF6C8D7-D4E0-465A-87CB-2B2A95907592}
	EndGlobalSection
EndGlobal
