
Microsoft Visual Studio Solution File, Format Version 12.00
# Visual Studio Version 16
VisualStudioVersion = 16.0.33801.447
MinimumVisualStudioVersion = 10.0.40219.1
Project("{8BC9CEB8-8B4A-11D0-8D11-00A0C91BC942}") = "triangle-glewVersion", "triangle-glewVersion.vcxproj", "{52A8F227-4A20-4F0C-AD68-ACC9398DDC7C}"
EndProject
Global
	GlobalSection(SolutionConfigurationPlatforms) = preSolution
		Debug|x64 = Debug|x64
		Release|x64 = Release|x64
	EndGlobalSection
	GlobalSection(ProjectConfigurationPlatforms) = postSolution
		{52A8F227-4A20-4F0C-AD68-ACC9398DDC7C}.Debug|x64.ActiveCfg = Debug|x64
		{52A8F227-4A20-4F0C-AD68-ACC9398DDC7C}.Debug|x64.Build.0 = Debug|x64
		{52A8F227-4A20-4F0C-AD68-ACC9398DDC7C}.Release|x64.ActiveCfg = Release|x64
		{52A8F227-4A20-4F0C-AD68-ACC9398DDC7C}.Release|x64.Build.0 = Release|x64
	EndGlobalSection
	GlobalSection(SolutionProperties) = preSolution
		HideSolutionNode = FALSE
	EndGlobalSection
	GlobalSection(ExtensibilityGlobals) = postSolution
		SolutionGuid = {DC930797-BCB4-4AE7-8E04-5C92685395E5}
	EndGlobalSection
EndGlobal
